// !$*UTF8*$!
{
	archiveVersion = 1;
	classes = {
	};
	objectVersion = 77;
	objects = {

/* Begin PBXContainerItemProxy section */
		31CBC6442D97B3130048B819 /* PBXContainerItemProxy */ = {
			isa = PBXContainerItemProxy;
			containerPortal = 31CBC62A2D97B3100048B819 /* Project object */;
			proxyType = 1;
			remoteGlobalIDString = 31CBC6312D97B3100048B819;
			remoteInfo = S.O.L;
		};
		31CBC64E2D97B3130048B819 /* PBXContainerItemProxy */ = {
			isa = PBXContainerItemProxy;
			containerPortal = 31CBC62A2D97B3100048B819 /* Project object */;
			proxyType = 1;
			remoteGlobalIDString = 31CBC6312D97B3100048B819;
			remoteInfo = S.O.L;
		};
/* End PBXContainerItemProxy section */

/* Begin PBXFileReference section */
		31CBC6322D97B3100048B819 /* S.O.L.app */ = {isa = PBXFileReference; explicitFileType = wrapper.application; includeInIndex = 0; path = S.O.L.app; sourceTree = BUILT_PRODUCTS_DIR; };
		31CBC6432D97B3130048B819 /* S.O.LTests.xctest */ = {isa = PBXFileReference; explicitFileType = wrapper.cfbundle; includeInIndex = 0; path = S.O.LTests.xctest; sourceTree = BUILT_PRODUCTS_DIR; };
		31CBC64D2D97B3130048B819 /* S.O.LUITests.xctest */ = {isa = PBXFileReference; explicitFileType = wrapper.cfbundle; includeInIndex = 0; path = S.O.LUITests.xctest; sourceTree = BUILT_PRODUCTS_DIR; };
/* End PBXFileReference section */

/* Begin PBXFileSystemSynchronizedRootGroup section */
		31CBC6342D97B3100048B819 /* S.O.L */ = {
			isa = PBXFileSystemSynchronizedRootGroup;
			path = S.O.L;
			sourceTree = "<group>";
		};
		31CBC6462D97B3130048B819 /* S.O.LTests */ = {
			isa = PBXFileSystemSynchronizedRootGroup;
			path = S.O.LTests;
			sourceTree = "<group>";
		};
		31CBC6502D97B3130048B819 /* S.O.LUITests */ = {
			isa = PBXFileSystemSynchronizedRootGroup;
			path = S.O.LUITests;
			sourceTree = "<group>";
		};
/* End PBXFileSystemSynchronizedRootGroup section */

/* Begin PBXFrameworksBuildPhase section */
		31CBC62F2D97B3100048B819 /* Frameworks */ = {
			isa = PBXFrameworksBuildPhase;
			buildActionMask = 2147483647;
			files = (
			);
			runOnlyForDeploymentPostprocessing = 0;
		};
		31CBC6402D97B3130048B819 /* Frameworks */ = {
			isa = PBXFrameworksBuildPhase;
			buildActionMask = 2147483647;
			files = (
			);
			runOnlyForDeploymentPostprocessing = 0;
		};
		31CBC64A2D97B3130048B819 /* Frameworks */ = {
			isa = PBXFrameworksBuildPhase;
			buildActionMask = 2147483647;
			files = (
			);
			runOnlyForDeploymentPostprocessing = 0;
		};
/* End PBXFrameworksBuildPhase section */

/* Begin PBXGroup section */
		31CBC6292D97B3100048B819 = {
			isa = PBXGroup;
			children = (
				31CBC6342D97B3100048B819 /* S.O.L */,
				31CBC6462D97B3130048B819 /* S.O.LTests */,
				31CBC6502D97B3130048B819 /* S.O.LUITests */,
				31CBC6332D97B3100048B819 /* Products */,
			);
			sourceTree = "<group>";
		};
		31CBC6332D97B3100048B819 /* Products */ = {
			isa = PBXGroup;
			children = (
				31CBC6322D97B3100048B819 /* S.O.L.app */,
				31CBC6432D97B3130048B819 /* S.O.LTests.xctest */,
				31CBC64D2D97B3130048B819 /* S.O.LUITests.xctest */,
			);
			name = Products;
			sourceTree = "<group>";
		};
/* End PBXGroup section */

/* Begin PBXNativeTarget section */
		31CBC6312D97B3100048B819 /* S.O.L */ = {
			isa = PBXNativeTarget;
			buildConfigurationList = 31CBC6572D97B3130048B819 /* Build configuration list for PBXNativeTarget "S.O.L" */;
			buildPhases = (
				31CBC62E2D97B3100048B819 /* Sources */,
				31CBC62F2D97B3100048B819 /* Frameworks */,
				31CBC6302D97B3100048B819 /* Resources */,
			);
			buildRules = (
			);
			dependencies = (
			);
			fileSystemSynchronizedGroups = (
				31CBC6342D97B3100048B819 /* S.O.L */,
			);
			name = S.O.L;
			packageProductDependencies = (
			);
			productName = S.O.L;
			productReference = 31CBC6322D97B3100048B819 /* S.O.L.app */;
			productType = "com.apple.product-type.application";
		};
		31CBC6422D97B3130048B819 /* S.O.LTests */ = {
			isa = PBXNativeTarget;
			buildConfigurationList = 31CBC65A2D97B3130048B819 /* Build configuration list for PBXNativeTarget "S.O.LTests" */;
			buildPhases = (
				31CBC63F2D97B3130048B819 /* Sources */,
				31CBC6402D97B3130048B819 /* Frameworks */,
				31CBC6412D97B3130048B819 /* Resources */,
			);
			buildRules = (
			);
			dependencies = (
				31CBC6452D97B3130048B819 /* PBXTargetDependency */,
			);
			fileSystemSynchronizedGroups = (
				31CBC6462D97B3130048B819 /* S.O.LTests */,
			);
			name = S.O.LTests;
			packageProductDependencies = (
			);
			productName = S.O.LTests;
			productReference = 31CBC6432D97B3130048B819 /* S.O.LTests.xctest */;
			productType = "com.apple.product-type.bundle.unit-test";
		};
		31CBC64C2D97B3130048B819 /* S.O.LUITests */ = {
			isa = PBXNativeTarget;
			buildConfigurationList = 31CBC65D2D97B3130048B819 /* Build configuration list for PBXNativeTarget "S.O.LUITests" */;
			buildPhases = (
				31CBC6492D97B3130048B819 /* Sources */,
				31CBC64A2D97B3130048B819 /* Frameworks */,
				31CBC64B2D97B3130048B819 /* Resources */,
			);
			buildRules = (
			);
			dependencies = (
				31CBC64F2D97B3130048B819 /* PBXTargetDependency */,
			);
			fileSystemSynchronizedGroups = (
				31CBC6502D97B3130048B819 /* S.O.LUITests */,
			);
			name = S.O.LUITests;
			packageProductDependencies = (
			);
			productName = S.O.LUITests;
			productReference = 31CBC64D2D97B3130048B819 /* S.O.LUITests.xctest */;
			productType = "com.apple.product-type.bundle.ui-testing";
		};
/* End PBXNativeTarget section */

/* Begin PBXProject section */
		31CBC62A2D97B3100048B819 /* Project object */ = {
			isa = PBXProject;
			attributes = {
				BuildIndependentTargetsInParallel = 1;
				LastSwiftUpdateCheck = 1600;
				LastUpgradeCheck = 1600;
				TargetAttributes = {
					31CBC6312D97B3100048B819 = {
						CreatedOnToolsVersion = 16.0;
					};
					31CBC6422D97B3130048B819 = {
						CreatedOnToolsVersion = 16.0;
						TestTargetID = 31CBC6312D97B3100048B819;
					};
					31CBC64C2D97B3130048B819 = {
						CreatedOnToolsVersion = 16.0;
						TestTargetID = 31CBC6312D97B3100048B819;
					};
				};
			};
			buildConfigurationList = 31CBC62D2D97B3100048B819 /* Build configuration list for PBXProject "S.O.L" */;
			developmentRegion = en;
			hasScannedForEncodings = 0;
			knownRegions = (
				en,
				Base,
			);
			mainGroup = 31CBC6292D97B3100048B819;
			minimizedProjectReferenceProxies = 1;
			preferredProjectObjectVersion = 77;
			productRefGroup = 31CBC6332D97B3100048B819 /* Products */;
			projectDirPath = "";
			projectRoot = "";
			targets = (
				31CBC6312D97B3100048B819 /* S.O.L */,
				31CBC6422D97B3130048B819 /* S.O.LTests */,
				31CBC64C2D97B3130048B819 /* S.O.LUITests */,
			);
		};
/* End PBXProject section */

/* Begin PBXResourcesBuildPhase section */
		31CBC6302D97B3100048B819 /* Resources */ = {
			isa = PBXResourcesBuildPhase;
			buildActionMask = 2147483647;
			files = (
			);
			runOnlyForDeploymentPostprocessing = 0;
		};
		31CBC6412D97B3130048B819 /* Resources */ = {
			isa = PBXResourcesBuildPhase;
			buildActionMask = 2147483647;
			files = (
			);
			runOnlyForDeploymentPostprocessing = 0;
		};
		31CBC64B2D97B3130048B819 /* Resources */ = {
			isa = PBXResourcesBuildPhase;
			buildActionMask = 2147483647;
			files = (
			);
			runOnlyForDeploymentPostprocessing = 0;
		};
/* End PBXResourcesBuildPhase section */

/* Begin PBXSourcesBuildPhase section */
		31CBC62E2D97B3100048B819 /* Sources */ = {
			isa = PBXSourcesBuildPhase;
			buildActionMask = 2147483647;
			files = (
			);
			runOnlyForDeploymentPostprocessing = 0;
		};
		31CBC63F2D97B3130048B819 /* Sources */ = {
			isa = PBXSourcesBuildPhase;
			buildActionMask = 2147483647;
			files = (
			);
			runOnlyForDeploymentPostprocessing = 0;
		};
		31CBC6492D97B3130048B819 /* Sources */ = {
			isa = PBXSourcesBuildPhase;
			buildActionMask = 2147483647;
			files = (
			);
			runOnlyForDeploymentPostprocessing = 0;
		};
/* End PBXSourcesBuildPhase section */

/* Begin PBXTargetDependency section */
		31CBC6452D97B3130048B819 /* PBXTargetDependency */ = {
			isa = PBXTargetDependency;
			target = 31CBC6312D97B3100048B819 /* S.O.L */;
			targetProxy = 31CBC6442D97B3130048B819 /* PBXContainerItemProxy */;
		};
		31CBC64F2D97B3130048B819 /* PBXTargetDependency */ = {
			isa = PBXTargetDependency;
			target = 31CBC6312D97B3100048B819 /* S.O.L */;
			targetProxy = 31CBC64E2D97B3130048B819 /* PBXContainerItemProxy */;
		};
/* End PBXTargetDependency section */

/* Begin XCBuildConfiguration section */
		31CBC6552D97B3130048B819 /* Debug */ = {
			isa = XCBuildConfiguration;
			buildSettings = {
				ALWAYS_SEARCH_USER_PATHS = NO;
				ASSETCATALOG_COMPILER_GENERATE_SWIFT_ASSET_SYMBOL_EXTENSIONS = YES;
				CLANG_ANALYZER_NONNULL = YES;
				CLANG_ANALYZER_NUMBER_OBJECT_CONVERSION = YES_AGGRESSIVE;
				CLANG_CXX_LANGUAGE_STANDARD = "gnu++20";
				CLANG_ENABLE_MODULES = YES;
				CLANG_ENABLE_OBJC_ARC = YES;
				CLANG_ENABLE_OBJC_WEAK = YES;
				CLANG_WARN_BLOCK_CAPTURE_AUTORELEASING = YES;
				CLANG_WARN_BOOL_CONVERSION = YES;
				CLANG_WARN_COMMA = YES;
				CLANG_WARN_CONSTANT_CONVERSION = YES;
				CLANG_WARN_DEPRECATED_OBJC_IMPLEMENTATIONS = YES;
				CLANG_WARN_DIRECT_OBJC_ISA_USAGE = YES_ERROR;
				CLANG_WARN_DOCUMENTATION_COMMENTS = YES;
				CLANG_WARN_EMPTY_BODY = YES;
				CLANG_WARN_ENUM_CONVERSION = YES;
				CLANG_WARN_INFINITE_RECURSION = YES;
				CLANG_WARN_INT_CONVERSION = YES;
				CLANG_WARN_NON_LITERAL_NULL_CONVERSION = YES;
				CLANG_WARN_OBJC_IMPLICIT_RETAIN_SELF = YES;
				CLANG_WARN_OBJC_LITERAL_CONVERSION = YES;
				CLANG_WARN_OBJC_ROOT_CLASS = YES_ERROR;
				CLANG_WARN_QUOTED_INCLUDE_IN_FRAMEWORK_HEADER = YES;
				CLANG_WARN_RANGE_LOOP_ANALYSIS = YES;
				CLANG_WARN_STRICT_PROTOTYPES = YES;
				CLANG_WARN_SUSPICIOUS_MOVE = YES;
				CLANG_WARN_UNGUARDED_AVAILABILITY = YES_AGGRESSIVE;
				CLANG_WARN_UNREACHABLE_CODE = YES;
				CLANG_WARN__DUPLICATE_METHOD_MATCH = YES;
				COPY_PHASE_STRIP = NO;
				DEBUG_INFORMATION_FORMAT = dwarf;
				ENABLE_STRICT_OBJC_MSGSEND = YES;
				ENABLE_TESTABILITY = YES;
				ENABLE_USER_SCRIPT_SANDBOXING = YES;
				GCC_C_LANGUAGE_STANDARD = gnu17;
				GCC_DYNAMIC_NO_PIC = NO;
				GCC_NO_COMMON_BLOCKS = YES;
				GCC_OPTIMIZATION_LEVEL = 0;
				GCC_PREPROCESSOR_DEFINITIONS = (
					"DEBUG=1",
					"$(inherited)",
				);
				GCC_WARN_64_TO_32_BIT_CONVERSION = YES;
				GCC_WARN_ABOUT_RETURN_TYPE = YES_ERROR;
				GCC_WARN_UNDECLARED_SELECTOR = YES;
				GCC_WARN_UNINITIALIZED_AUTOS = YES_AGGRESSIVE;
				GCC_WARN_UNUSED_FUNCTION = YES;
				GCC_WARN_UNUSED_VARIABLE = YES;
				LOCALIZATION_PREFERS_STRING_CATALOGS = YES;
				MTL_ENABLE_DEBUG_INFO = INCLUDE_SOURCE;
				MTL_FAST_MATH = YES;
				ONLY_ACTIVE_ARCH = YES;
				SWIFT_ACTIVE_COMPILATION_CONDITIONS = "DEBUG $(inherited)";
				SWIFT_OPTIMIZATION_LEVEL = "-Onone";
			};
			name = Debug;
		};
		31CBC6562D97B3130048B819 /* Release */ = {
			isa = XCBuildConfiguration;
			buildSettings = {
				ALWAYS_SEARCH_USER_PATHS = NO;
				ASSETCATALOG_COMPILER_GENERATE_SWIFT_ASSET_SYMBOL_EXTENSIONS = YES;
				CLANG_ANALYZER_NONNULL = YES;
				CLANG_ANALYZER_NUMBER_OBJECT_CONVERSION = YES_AGGRESSIVE;
				CLANG_CXX_LANGUAGE_STANDARD = "gnu++20";
				CLANG_ENABLE_MODULES = YES;
				CLANG_ENABLE_OBJC_ARC = YES;
				CLANG_ENABLE_OBJC_WEAK = YES;
				CLANG_WARN_BLOCK_CAPTURE_AUTORELEASING = YES;
				CLANG_WARN_BOOL_CONVERSION = YES;
				CLANG_WARN_COMMA = YES;
				CLANG_WARN_CONSTANT_CONVERSION = YES;
				CLANG_WARN_DEPRECATED_OBJC_IMPLEMENTATIONS = YES;
				CLANG_WARN_DIRECT_OBJC_ISA_USAGE = YES_ERROR;
				CLANG_WARN_DOCUMENTATION_COMMENTS = YES;
				CLANG_WARN_EMPTY_BODY = YES;
				CLANG_WARN_ENUM_CONVERSION = YES;
				CLANG_WARN_INFINITE_RECURSION = YES;
				CLANG_WARN_INT_CONVERSION = YES;
				CLANG_WARN_NON_LITERAL_NULL_CONVERSION = YES;
				CLANG_WARN_OBJC_IMPLICIT_RETAIN_SELF = YES;
				CLANG_WARN_OBJC_LITERAL_CONVERSION = YES;
				CLANG_WARN_OBJC_ROOT_CLASS = YES_ERROR;
				CLANG_WARN_QUOTED_INCLUDE_IN_FRAMEWORK_HEADER = YES;
				CLANG_WARN_RANGE_LOOP_ANALYSIS = YES;
				CLANG_WARN_STRICT_PROTOTYPES = YES;
				CLANG_WARN_SUSPICIOUS_MOVE = YES;
				CLANG_WARN_UNGUARDED_AVAILABILITY = YES_AGGRESSIVE;
				CLANG_WARN_UNREACHABLE_CODE = YES;
				CLANG_WARN__DUPLICATE_METHOD_MATCH = YES;
				COPY_PHASE_STRIP = NO;
				DEBUG_INFORMATION_FORMAT = "dwarf-with-dsym";
				ENABLE_NS_ASSERTIONS = NO;
				ENABLE_STRICT_OBJC_MSGSEND = YES;
				ENABLE_USER_SCRIPT_SANDBOXING = YES;
				GCC_C_LANGUAGE_STANDARD = gnu17;
				GCC_NO_COMMON_BLOCKS = YES;
				GCC_WARN_64_TO_32_BIT_CONVERSION = YES;
				GCC_WARN_ABOUT_RETURN_TYPE = YES_ERROR;
				GCC_WARN_UNDECLARED_SELECTOR = YES;
				GCC_WARN_UNINITIALIZED_AUTOS = YES_AGGRESSIVE;
				GCC_WARN_UNUSED_FUNCTION = YES;
				GCC_WARN_UNUSED_VARIABLE = YES;
				LOCALIZATION_PREFERS_STRING_CATALOGS = YES;
				MTL_ENABLE_DEBUG_INFO = NO;
				MTL_FAST_MATH = YES;
				SWIFT_COMPILATION_MODE = wholemodule;
			};
			name = Release;
		};
		31CBC6582D97B3130048B819 /* Debug */ = {
			isa = XCBuildConfiguration;
			buildSettings = {
				ASSETCATALOG_COMPILER_APPICON_NAME = AppIcon;
				ASSETCATALOG_COMPILER_GLOBAL_ACCENT_COLOR_NAME = AccentColor;
				CODE_SIGN_ENTITLEMENTS = S.O.L/S_O_L.entitlements;
				CODE_SIGN_STYLE = Automatic;
				CURRENT_PROJECT_VERSION = 1;
				DEVELOPMENT_ASSET_PATHS = "\"S.O.L/Preview Content\"";
				DEVELOPMENT_TEAM = 8C2YJV8SDS;
				ENABLE_PREVIEWS = YES;
				GENERATE_INFOPLIST_FILE = YES;
				INFOPLIST_KEY_LSApplicationCategoryType = "";
				INFOPLIST_KEY_NSLocationAlwaysAndWhenInUseUsageDescription = "S.O.L requires the use of your location for language identification and emergency communication.";
				INFOPLIST_KEY_NSLocationAlwaysUsageDescription = "S.O.L requires the use of your location for language identification and emergency communication.";
				INFOPLIST_KEY_NSLocationWhenInUseUsageDescription = "S.O.L requires the use of your location for language identification and emergency communication.";
				INFOPLIST_KEY_NSMicrophoneUsageDescription = "S.O.L requires the use of your microphone for situation description.";
				INFOPLIST_KEY_NSSpeechRecognitionUsageDescription = "S.O.L requires speech recognition to interpret your voice input.";
				"INFOPLIST_KEY_UIApplicationSceneManifest_Generation[sdk=iphoneos*]" = YES;
				"INFOPLIST_KEY_UIApplicationSceneManifest_Generation[sdk=iphonesimulator*]" = YES;
				"INFOPLIST_KEY_UIApplicationSupportsIndirectInputEvents[sdk=iphoneos*]" = YES;
				"INFOPLIST_KEY_UIApplicationSupportsIndirectInputEvents[sdk=iphonesimulator*]" = YES;
				"INFOPLIST_KEY_UILaunchScreen_Generation[sdk=iphoneos*]" = YES;
				"INFOPLIST_KEY_UILaunchScreen_Generation[sdk=iphonesimulator*]" = YES;
				"INFOPLIST_KEY_UIStatusBarStyle[sdk=iphoneos*]" = UIStatusBarStyleDefault;
				"INFOPLIST_KEY_UIStatusBarStyle[sdk=iphonesimulator*]" = UIStatusBarStyleDefault;
				INFOPLIST_KEY_UISupportedInterfaceOrientations_iPad = "UIInterfaceOrientationPortrait UIInterfaceOrientationPortraitUpsideDown UIInterfaceOrientationLandscapeLeft UIInterfaceOrientationLandscapeRight";
				INFOPLIST_KEY_UISupportedInterfaceOrientations_iPhone = "UIInterfaceOrientationPortrait UIInterfaceOrientationLandscapeLeft UIInterfaceOrientationLandscapeRight";
				IPHONEOS_DEPLOYMENT_TARGET = 18.0;
				LD_RUNPATH_SEARCH_PATHS = "@executable_path/Frameworks";
				"LD_RUNPATH_SEARCH_PATHS[sdk=macosx*]" = "@executable_path/../Frameworks";
				MACOSX_DEPLOYMENT_TARGET = 15.0;
				MARKETING_VERSION = 1.0;
				PRODUCT_BUNDLE_IDENTIFIER = sol.S;
				PRODUCT_NAME = "$(TARGET_NAME)";
				SDKROOT = auto;
				SUPPORTED_PLATFORMS = "iphoneos iphonesimulator macosx xros xrsimulator";
				SWIFT_EMIT_LOC_STRINGS = YES;
				SWIFT_VERSION = 5.0;
				TARGETED_DEVICE_FAMILY = "1,2,7";
				XROS_DEPLOYMENT_TARGET = 2.0;
			};
			name = Debug;
		};
		31CBC6592D97B3130048B819 /* Release */ = {
			isa = XCBuildConfiguration;
			buildSettings = {
				ASSETCATALOG_COMPILER_APPICON_NAME = AppIcon;
				ASSETCATALOG_COMPILER_GLOBAL_ACCENT_COLOR_NAME = AccentColor;
				CODE_SIGN_ENTITLEMENTS = S.O.L/S_O_L.entitlements;
				CODE_SIGN_STYLE = Automatic;
				CURRENT_PROJECT_VERSION = 1;
				DEVELOPMENT_ASSET_PATHS = "\"S.O.L/Preview Content\"";
				DEVELOPMENT_TEAM = 8C2YJV8SDS;
				ENABLE_PREVIEWS = YES;
				GENERATE_INFOPLIST_FILE = YES;
				INFOPLIST_KEY_LSApplicationCategoryType = "";
				INFOPLIST_KEY_NSLocationAlwaysAndWhenInUseUsageDescription = "S.O.L requires the use of your location for language identification and emergency communication.";
				INFOPLIST_KEY_NSLocationAlwaysUsageDescription = "S.O.L requires the use of your location for language identification and emergency communication.";
				INFOPLIST_KEY_NSLocationWhenInUseUsageDescription = "S.O.L requires the use of your location for language identification and emergency communication.";
				INFOPLIST_KEY_NSMicrophoneUsageDescription = "S.O.L requires the use of your microphone for situation description.";
				INFOPLIST_KEY_NSSpeechRecognitionUsageDescription = "S.O.L requires speech recognition to interpret your voice input.";
				"INFOPLIST_KEY_UIApplicationSceneManifest_Generation[sdk=iphoneos*]" = YES;
				"INFOPLIST_KEY_UIApplicationSceneManifest_Generation[sdk=iphonesimulator*]" = YES;
				"INFOPLIST_KEY_UIApplicationSupportsIndirectInputEvents[sdk=iphoneos*]" = YES;
				"INFOPLIST_KEY_UIApplicationSupportsIndirectInputEvents[sdk=iphonesimulator*]" = YES;
				"INFOPLIST_KEY_UILaunchScreen_Generation[sdk=iphoneos*]" = YES;
				"INFOPLIST_KEY_UILaunchScreen_Generation[sdk=iphonesimulator*]" = YES;
				"INFOPLIST_KEY_UIStatusBarStyle[sdk=iphoneos*]" = UIStatusBarStyleDefault;
				"INFOPLIST_KEY_UIStatusBarStyle[sdk=iphonesimulator*]" = UIStatusBarStyleDefault;
				INFOPLIST_KEY_UISupportedInterfaceOrientations_iPad = "UIInterfaceOrientationPortrait UIInterfaceOrientationPortraitUpsideDown UIInterfaceOrientationLandscapeLeft UIInterfaceOrientationLandscapeRight";
				INFOPLIST_KEY_UISupportedInterfaceOrientations_iPhone = "UIInterfaceOrientationPortrait UIInterfaceOrientationLandscapeLeft UIInterfaceOrientationLandscapeRight";
				IPHONEOS_DEPLOYMENT_TARGET = 18.0;
				LD_RUNPATH_SEARCH_PATHS = "@executable_path/Frameworks";
				"LD_RUNPATH_SEARCH_PATHS[sdk=macosx*]" = "@executable_path/../Frameworks";
				MACOSX_DEPLOYMENT_TARGET = 15.0;
				MARKETING_VERSION = 1.0;
				PRODUCT_BUNDLE_IDENTIFIER = sol.S;
				PRODUCT_NAME = "$(TARGET_NAME)";
				SDKROOT = auto;
				SUPPORTED_PLATFORMS = "iphoneos iphonesimulator macosx xros xrsimulator";
				SWIFT_EMIT_LOC_STRINGS = YES;
				SWIFT_VERSION = 5.0;
				TARGETED_DEVICE_FAMILY = "1,2,7";
				XROS_DEPLOYMENT_TARGET = 2.0;
			};
			name = Release;
		};
		31CBC65B2D97B3130048B819 /* Debug */ = {
			isa = XCBuildConfiguration;
			buildSettings = {
				BUNDLE_LOADER = "$(TEST_HOST)";
				CODE_SIGN_STYLE = Automatic;
				CURRENT_PROJECT_VERSION = 1;
				GENERATE_INFOPLIST_FILE = YES;
				IPHONEOS_DEPLOYMENT_TARGET = 18.0;
				MACOSX_DEPLOYMENT_TARGET = 15.0;
				MARKETING_VERSION = 1.0;
				PRODUCT_BUNDLE_IDENTIFIER = "sol.S-O-LTests";
				PRODUCT_NAME = "$(TARGET_NAME)";
				SDKROOT = auto;
				SUPPORTED_PLATFORMS = "iphoneos iphonesimulator macosx xros xrsimulator";
				SWIFT_EMIT_LOC_STRINGS = NO;
				SWIFT_VERSION = 5.0;
				TARGETED_DEVICE_FAMILY = "1,2,7";
				TEST_HOST = "$(BUILT_PRODUCTS_DIR)/S.O.L.app/$(BUNDLE_EXECUTABLE_FOLDER_PATH)/S.O.L";
				XROS_DEPLOYMENT_TARGET = 2.0;
			};
			name = Debug;
		};
		31CBC65C2D97B3130048B819 /* Release */ = {
			isa = XCBuildConfiguration;
			buildSettings = {
				BUNDLE_LOADER = "$(TEST_HOST)";
				CODE_SIGN_STYLE = Automatic;
				CURRENT_PROJECT_VERSION = 1;
				GENERATE_INFOPLIST_FILE = YES;
				IPHONEOS_DEPLOYMENT_TARGET = 18.0;
				MACOSX_DEPLOYMENT_TARGET = 15.0;
				MARKETING_VERSION = 1.0;
				PRODUCT_BUNDLE_IDENTIFIER = "sol.S-O-LTests";
				PRODUCT_NAME = "$(TARGET_NAME)";
				SDKROOT = auto;
				SUPPORTED_PLATFORMS = "iphoneos iphonesimulator macosx xros xrsimulator";
				SWIFT_EMIT_LOC_STRINGS = NO;
				SWIFT_VERSION = 5.0;
				TARGETED_DEVICE_FAMILY = "1,2,7";
				TEST_HOST = "$(BUILT_PRODUCTS_DIR)/S.O.L.app/$(BUNDLE_EXECUTABLE_FOLDER_PATH)/S.O.L";
				XROS_DEPLOYMENT_TARGET = 2.0;
			};
			name = Release;
		};
		31CBC65E2D97B3130048B819 /* Debug */ = {
			isa = XCBuildConfiguration;
			buildSettings = {
				CODE_SIGN_STYLE = Automatic;
				CURRENT_PROJECT_VERSION = 1;
				GENERATE_INFOPLIST_FILE = YES;
				IPHONEOS_DEPLOYMENT_TARGET = 18.0;
				MACOSX_DEPLOYMENT_TARGET = 15.0;
				MARKETING_VERSION = 1.0;
				PRODUCT_BUNDLE_IDENTIFIER = "sol.S-O-LUITests";
				PRODUCT_NAME = "$(TARGET_NAME)";
				SDKROOT = auto;
				SUPPORTED_PLATFORMS = "iphoneos iphonesimulator macosx xros xrsimulator";
				SWIFT_EMIT_LOC_STRINGS = NO;
				SWIFT_VERSION = 5.0;
				TARGETED_DEVICE_FAMILY = "1,2,7";
				TEST_TARGET_NAME = S.O.L;
				XROS_DEPLOYMENT_TARGET = 2.0;
			};
			name = Debug;
		};
		31CBC65F2D97B3130048B819 /* Release */ = {
			isa = XCBuildConfiguration;
			buildSettings = {
				CODE_SIGN_STYLE = Automatic;
				CURRENT_PROJECT_VERSION = 1;
				GENERATE_INFOPLIST_FILE = YES;
				IPHONEOS_DEPLOYMENT_TARGET = 18.0;
				MACOSX_DEPLOYMENT_TARGET = 15.0;
				MARKETING_VERSION = 1.0;
				PRODUCT_BUNDLE_IDENTIFIER = "sol.S-O-LUITests";
				PRODUCT_NAME = "$(TARGET_NAME)";
				SDKROOT = auto;
				SUPPORTED_PLATFORMS = "iphoneos iphonesimulator macosx xros xrsimulator";
				SWIFT_EMIT_LOC_STRINGS = NO;
				SWIFT_VERSION = 5.0;
				TARGETED_DEVICE_FAMILY = "1,2,7";
				TEST_TARGET_NAME = S.O.L;
				XROS_DEPLOYMENT_TARGET = 2.0;
			};
			name = Release;
		};
/* End XCBuildConfiguration section */

/* Begin XCConfigurationList section */
		31CBC62D2D97B3100048B819 /* Build configuration list for PBXProject "S.O.L" */ = {
			isa = XCConfigurationList;
			buildConfigurations = (
				31CBC6552D97B3130048B819 /* Debug */,
				31CBC6562D97B3130048B819 /* Release */,
			);
			defaultConfigurationIsVisible = 0;
			defaultConfigurationName = Release;
		};
		31CBC6572D97B3130048B819 /* Build configuration list for PBXNativeTarget "S.O.L" */ = {
			isa = XCConfigurationList;
			buildConfigurations = (
				31CBC6582D97B3130048B819 /* Debug */,
				31CBC6592D97B3130048B819 /* Release */,
			);
			defaultConfigurationIsVisible = 0;
			defaultConfigurationName = Release;
		};
		31CBC65A2D97B3130048B819 /* Build configuration list for PBXNativeTarget "S.O.LTests" */ = {
			isa = XCConfigurationList;
			buildConfigurations = (
				31CBC65B2D97B3130048B819 /* Debug */,
				31CBC65C2D97B3130048B819 /* Release */,
			);
			defaultConfigurationIsVisible = 0;
			defaultConfigurationName = Release;
		};
		31CBC65D2D97B3130048B819 /* Build configuration list for PBXNativeTarget "S.O.LUITests" */ = {
			isa = XCConfigurationList;
			buildConfigurations = (
				31CBC65E2D97B3130048B819 /* Debug */,
				31CBC65F2D97B3130048B819 /* Release */,
			);
			defaultConfigurationIsVisible = 0;
			defaultConfigurationName = Release;
		};
/* End XCConfigurationList section */
	};
	rootObject = 31CBC62A2D97B3100048B819 /* Project object */;
}
